
Microsoft Visual Studio Solution File, Format Version 12.00
# Visual Studio Version 17
VisualStudioVersion = 17.14.36414.22 d17.14
MinimumVisualStudioVersion = 10.0.40219.1
Project("{FAE04EC0-301F-11D3-BF4B-00C04F79EFBC}") = "HotelManagementSystem", "HotelManagementSystem\HotelManagementSystem.csproj", "{A89BE490-C78C-40F1-987C-A979168B64A2}"
EndProject
Global
	GlobalSection(SolutionConfigurationPlatforms) = preSolution
		Debug|Any CPU = Debug|Any CPU
		Release|Any CPU = Release|Any CPU
	EndGlobalSection
	GlobalSection(ProjectConfigurationPlatforms) = postSolution
		{A89BE490-C78C-40F1-987C-A979168B64A2}.Debug|Any CPU.ActiveCfg = Debug|Any CPU
		{A89BE490-C78C-40F1-987C-A979168B64A2}.Debug|Any CPU.Build.0 = Debug|Any CPU
		{A89BE490-C78C-40F1-987C-A979168B64A2}.Release|Any CPU.ActiveCfg = Release|Any CPU
		{A89BE490-C78C-40F1-987C-A979168B64A2}.Release|Any CPU.Build.0 = Release|Any CPU
	EndGlobalSection
	GlobalSection(SolutionProperties) = preSolution
		HideSolutionNode = FALSE
	EndGlobalSection
	GlobalSection(ExtensibilityGlobals) = postSolution
		SolutionGuid = {BA24F298-70CC-4ED0-A68C-7D2F8952A322}
	EndGlobalSection
EndGlobal
